
Microsoft Visual Studio Solution File, Format Version 12.00
# Visual Studio Version 16
VisualStudioVersion = 16.0.31424.327
MinimumVisualStudioVersion = 10.0.40219.1
Project("{FAE04EC0-301F-11D3-BF4B-00C04F79EFBC}") = "MdClone.Launcher", "MdClone.Launcher\MdClone.Launcher.csproj", "{E951FF67-8ED3-4878-BCDA-1AA115CB92F9}"
EndProject
Project("{FAE04EC0-301F-11D3-BF4B-00C04F79EFBC}") = "MdClone.Presentation", "MdClone.Presentation\MdClone.Presentation.csproj", "{1AF9FD42-6017-403F-B958-67EAD0942FCE}"
EndProject
Project("{2150E333-8FDC-42A3-9474-1A3956D46DE8}") = "Data", "Data", "{D092EA81-0ADE-404D-B0E0-6611E37EC631}"
EndProject
Project("{2150E333-8FDC-42A3-9474-1A3956D46DE8}") = "Contracts", "Contracts", "{1F3EBC8D-364E-440C-8FE8-666B40B848F9}"
EndProject
Project("{2150E333-8FDC-42A3-9474-1A3956D46DE8}") = "Fake", "Fake", "{195A0723-3D85-4029-9A45-E5CE62F447A0}"
EndProject
Project("{2150E333-8FDC-42A3-9474-1A3956D46DE8}") = "Real", "Real", "{7AC03358-E241-44A2-9D91-D80245509FD4}"
EndProject
Project("{2150E333-8FDC-42A3-9474-1A3956D46DE8}") = "Model", "Model", "{FC7420E4-00E3-4FE0-8786-1BBD91B17013}"
EndProject
Project("{FAE04EC0-301F-11D3-BF4B-00C04F79EFBC}") = "MdClone.Data.Fake.Providers", "MdClone.Data.Fake.Providers\MdClone.Data.Fake.Providers.csproj", "{AD71DF03-562A-4405-84A3-892BAA044BD3}"
EndProject
Project("{9A19103F-16F7-4668-BE54-9A1E7A4F7556}") = "MdClone.Data.Contracts.Dto", "MdClone.Data.Contracts.Dto\MdClone.Data.Contracts.Dto.csproj", "{C266F8C1-E77B-4611-831A-656C26D89F5C}"
EndProject
Project("{9A19103F-16F7-4668-BE54-9A1E7A4F7556}") = "MdClone.Data.Contracts.Providers", "MdClone.Data.Contracts.Providers\MdClone.Data.Contracts.Providers.csproj", "{B800878C-0701-42F0-B82D-F11015CC035E}"
EndProject
Project("{9A19103F-16F7-4668-BE54-9A1E7A4F7556}") = "MdClone.Data.Fake.Containers", "MdClone.Data.Fake.Containers\MdClone.Data.Fake.Containers.csproj", "{F6D78E2E-DCC9-417A-95D1-79715719F9FC}"
EndProject
Project("{9A19103F-16F7-4668-BE54-9A1E7A4F7556}") = "MdClone.Data.Fake.ProviderBuilders", "MdClone.Data.Fake.ProviderBuilders\MdClone.Data.Fake.ProviderBuilders.csproj", "{0A0EA14B-7C56-4E82-A531-1BA1D0935589}"
EndProject
Project("{FAE04EC0-301F-11D3-BF4B-00C04F79EFBC}") = "MdClone.Data.Real.Providers", "MdClone.Data.Real.Providers\MdClone.Data.Real.Providers.csproj", "{F2DCB871-AFB5-4C2E-A7D1-3CCCC816DBE4}"
EndProject
Project("{9A19103F-16F7-4668-BE54-9A1E7A4F7556}") = "MdClone.Model.Contracts", "MdClone.Model.Contracts\MdClone.Model.Contracts.csproj", "{7DC2132E-0CBD-491A-BAB5-0FACBBB35E1C}"
EndProject
Project("{FAE04EC0-301F-11D3-BF4B-00C04F79EFBC}") = "MdClone.Model", "MdClone.Model\MdClone.Model.csproj", "{CD8B9C13-CB30-45F8-9777-3E9688FD6276}"
EndProject
Project("{FAE04EC0-301F-11D3-BF4B-00C04F79EFBC}") = "MdClone.Presentation.Shared", "MdClone.Presentation.Shared\MdClone.Presentation.Shared.csproj", "{B8666477-83EC-4D6A-9140-7584DDA57699}"
EndProject
Project("{2150E333-8FDC-42A3-9474-1A3956D46DE8}") = "TestData", "TestData", "{C1A98B65-2876-400E-94FB-5176C2FCE549}"
	ProjectSection(SolutionItems) = preProject
		TestData\airtravel.csv = TestData\airtravel.csv
		TestData\Book1.csv = TestData\Book1.csv
		TestData\cities.csv = TestData\cities.csv
		TestData\FX_Intensity_FederalReserve.csv = TestData\FX_Intensity_FederalReserve.csv
		TestData\uk_political_donors.csv = TestData\uk_political_donors.csv
	EndProjectSection
EndProject
Project("{2150E333-8FDC-42A3-9474-1A3956D46DE8}") = "Presentation", "Presentation", "{F47BAEE7-974B-461C-86AF-D356785E7B40}"
EndProject
Global
	GlobalSection(SolutionConfigurationPlatforms) = preSolution
		Debug|Any CPU = Debug|Any CPU
		DebugWithFake|Any CPU = DebugWithFake|Any CPU
		DebugWithReal|Any CPU = DebugWithReal|Any CPU
		Release|Any CPU = Release|Any CPU
	EndGlobalSection
	GlobalSection(ProjectConfigurationPlatforms) = postSolution
		{E951FF67-8ED3-4878-BCDA-1AA115CB92F9}.Debug|Any CPU.ActiveCfg = Debug|Any CPU
		{E951FF67-8ED3-4878-BCDA-1AA115CB92F9}.Debug|Any CPU.Build.0 = Debug|Any CPU
		{E951FF67-8ED3-4878-BCDA-1AA115CB92F9}.DebugWithFake|Any CPU.ActiveCfg = DebugWithFake|Any CPU
		{E951FF67-8ED3-4878-BCDA-1AA115CB92F9}.DebugWithFake|Any CPU.Build.0 = DebugWithFake|Any CPU
		{E951FF67-8ED3-4878-BCDA-1AA115CB92F9}.DebugWithReal|Any CPU.ActiveCfg = DebugWithReal|Any CPU
		{E951FF67-8ED3-4878-BCDA-1AA115CB92F9}.DebugWithReal|Any CPU.Build.0 = DebugWithReal|Any CPU
		{E951FF67-8ED3-4878-BCDA-1AA115CB92F9}.Release|Any CPU.ActiveCfg = Release|Any CPU
		{E951FF67-8ED3-4878-BCDA-1AA115CB92F9}.Release|Any CPU.Build.0 = Release|Any CPU
		{1AF9FD42-6017-403F-B958-67EAD0942FCE}.Debug|Any CPU.ActiveCfg = Debug|Any CPU
		{1AF9FD42-6017-403F-B958-67EAD0942FCE}.Debug|Any CPU.Build.0 = Debug|Any CPU
		{1AF9FD42-6017-403F-B958-67EAD0942FCE}.DebugWithFake|Any CPU.ActiveCfg = DebugWithFake|Any CPU
		{1AF9FD42-6017-403F-B958-67EAD0942FCE}.DebugWithFake|Any CPU.Build.0 = DebugWithFake|Any CPU
		{1AF9FD42-6017-403F-B958-67EAD0942FCE}.DebugWithReal|Any CPU.ActiveCfg = DebugWithReal|Any CPU
		{1AF9FD42-6017-403F-B958-67EAD0942FCE}.DebugWithReal|Any CPU.Build.0 = DebugWithReal|Any CPU
		{1AF9FD42-6017-403F-B958-67EAD0942FCE}.Release|Any CPU.ActiveCfg = Release|Any CPU
		{1AF9FD42-6017-403F-B958-67EAD0942FCE}.Release|Any CPU.Build.0 = Release|Any CPU
		{AD71DF03-562A-4405-84A3-892BAA044BD3}.Debug|Any CPU.ActiveCfg = Debug|Any CPU
		{AD71DF03-562A-4405-84A3-892BAA044BD3}.Debug|Any CPU.Build.0 = Debug|Any CPU
		{AD71DF03-562A-4405-84A3-892BAA044BD3}.DebugWithFake|Any CPU.ActiveCfg = DebugWithFake|Any CPU
		{AD71DF03-562A-4405-84A3-892BAA044BD3}.DebugWithFake|Any CPU.Build.0 = DebugWithFake|Any CPU
		{AD71DF03-562A-4405-84A3-892BAA044BD3}.DebugWithReal|Any CPU.ActiveCfg = DebugWithReal|Any CPU
		{AD71DF03-562A-4405-84A3-892BAA044BD3}.Release|Any CPU.ActiveCfg = Release|Any CPU
		{AD71DF03-562A-4405-84A3-892BAA044BD3}.Release|Any CPU.Build.0 = Release|Any CPU
		{C266F8C1-E77B-4611-831A-656C26D89F5C}.Debug|Any CPU.ActiveCfg = Debug|Any CPU
		{C266F8C1-E77B-4611-831A-656C26D89F5C}.Debug|Any CPU.Build.0 = Debug|Any CPU
		{C266F8C1-E77B-4611-831A-656C26D89F5C}.DebugWithFake|Any CPU.ActiveCfg = Debug|Any CPU
		{C266F8C1-E77B-4611-831A-656C26D89F5C}.DebugWithFake|Any CPU.Build.0 = Debug|Any CPU
		{C266F8C1-E77B-4611-831A-656C26D89F5C}.DebugWithReal|Any CPU.ActiveCfg = Debug|Any CPU
		{C266F8C1-E77B-4611-831A-656C26D89F5C}.DebugWithReal|Any CPU.Build.0 = Debug|Any CPU
		{C266F8C1-E77B-4611-831A-656C26D89F5C}.Release|Any CPU.ActiveCfg = Release|Any CPU
		{C266F8C1-E77B-4611-831A-656C26D89F5C}.Release|Any CPU.Build.0 = Release|Any CPU
		{B800878C-0701-42F0-B82D-F11015CC035E}.Debug|Any CPU.ActiveCfg = Debug|Any CPU
		{B800878C-0701-42F0-B82D-F11015CC035E}.Debug|Any CPU.Build.0 = Debug|Any CPU
		{B800878C-0701-42F0-B82D-F11015CC035E}.DebugWithFake|Any CPU.ActiveCfg = Debug|Any CPU
		{B800878C-0701-42F0-B82D-F11015CC035E}.DebugWithFake|Any CPU.Build.0 = Debug|Any CPU
		{B800878C-0701-42F0-B82D-F11015CC035E}.DebugWithReal|Any CPU.ActiveCfg = Debug|Any CPU
		{B800878C-0701-42F0-B82D-F11015CC035E}.DebugWithReal|Any CPU.Build.0 = Debug|Any CPU
		{B800878C-0701-42F0-B82D-F11015CC035E}.Release|Any CPU.ActiveCfg = Release|Any CPU
		{B800878C-0701-42F0-B82D-F11015CC035E}.Release|Any CPU.Build.0 = Release|Any CPU
		{F6D78E2E-DCC9-417A-95D1-79715719F9FC}.Debug|Any CPU.ActiveCfg = Debug|Any CPU
		{F6D78E2E-DCC9-417A-95D1-79715719F9FC}.Debug|Any CPU.Build.0 = Debug|Any CPU
		{F6D78E2E-DCC9-417A-95D1-79715719F9FC}.DebugWithFake|Any CPU.ActiveCfg = Debug|Any CPU
		{F6D78E2E-DCC9-417A-95D1-79715719F9FC}.DebugWithFake|Any CPU.Build.0 = Debug|Any CPU
		{F6D78E2E-DCC9-417A-95D1-79715719F9FC}.DebugWithReal|Any CPU.ActiveCfg = Debug|Any CPU
		{F6D78E2E-DCC9-417A-95D1-79715719F9FC}.Release|Any CPU.ActiveCfg = Release|Any CPU
		{F6D78E2E-DCC9-417A-95D1-79715719F9FC}.Release|Any CPU.Build.0 = Release|Any CPU
		{0A0EA14B-7C56-4E82-A531-1BA1D0935589}.Debug|Any CPU.ActiveCfg = Debug|Any CPU
		{0A0EA14B-7C56-4E82-A531-1BA1D0935589}.Debug|Any CPU.Build.0 = Debug|Any CPU
		{0A0EA14B-7C56-4E82-A531-1BA1D0935589}.DebugWithFake|Any CPU.ActiveCfg = Debug|Any CPU
		{0A0EA14B-7C56-4E82-A531-1BA1D0935589}.DebugWithFake|Any CPU.Build.0 = Debug|Any CPU
		{0A0EA14B-7C56-4E82-A531-1BA1D0935589}.DebugWithReal|Any CPU.ActiveCfg = Debug|Any CPU
		{0A0EA14B-7C56-4E82-A531-1BA1D0935589}.Release|Any CPU.ActiveCfg = Release|Any CPU
		{0A0EA14B-7C56-4E82-A531-1BA1D0935589}.Release|Any CPU.Build.0 = Release|Any CPU
		{F2DCB871-AFB5-4C2E-A7D1-3CCCC816DBE4}.Debug|Any CPU.ActiveCfg = Debug|Any CPU
		{F2DCB871-AFB5-4C2E-A7D1-3CCCC816DBE4}.Debug|Any CPU.Build.0 = Debug|Any CPU
		{F2DCB871-AFB5-4C2E-A7D1-3CCCC816DBE4}.DebugWithFake|Any CPU.ActiveCfg = DebugWithFake|Any CPU
		{F2DCB871-AFB5-4C2E-A7D1-3CCCC816DBE4}.DebugWithReal|Any CPU.ActiveCfg = DebugWithReal|Any CPU
		{F2DCB871-AFB5-4C2E-A7D1-3CCCC816DBE4}.DebugWithReal|Any CPU.Build.0 = DebugWithReal|Any CPU
		{F2DCB871-AFB5-4C2E-A7D1-3CCCC816DBE4}.Release|Any CPU.ActiveCfg = Release|Any CPU
		{F2DCB871-AFB5-4C2E-A7D1-3CCCC816DBE4}.Release|Any CPU.Build.0 = Release|Any CPU
		{7DC2132E-0CBD-491A-BAB5-0FACBBB35E1C}.Debug|Any CPU.ActiveCfg = Debug|Any CPU
		{7DC2132E-0CBD-491A-BAB5-0FACBBB35E1C}.Debug|Any CPU.Build.0 = Debug|Any CPU
		{7DC2132E-0CBD-491A-BAB5-0FACBBB35E1C}.DebugWithFake|Any CPU.ActiveCfg = Debug|Any CPU
		{7DC2132E-0CBD-491A-BAB5-0FACBBB35E1C}.DebugWithFake|Any CPU.Build.0 = Debug|Any CPU
		{7DC2132E-0CBD-491A-BAB5-0FACBBB35E1C}.DebugWithReal|Any CPU.ActiveCfg = Debug|Any CPU
		{7DC2132E-0CBD-491A-BAB5-0FACBBB35E1C}.DebugWithReal|Any CPU.Build.0 = Debug|Any CPU
		{7DC2132E-0CBD-491A-BAB5-0FACBBB35E1C}.Release|Any CPU.ActiveCfg = Release|Any CPU
		{7DC2132E-0CBD-491A-BAB5-0FACBBB35E1C}.Release|Any CPU.Build.0 = Release|Any CPU
		{CD8B9C13-CB30-45F8-9777-3E9688FD6276}.Debug|Any CPU.ActiveCfg = Debug|Any CPU
		{CD8B9C13-CB30-45F8-9777-3E9688FD6276}.Debug|Any CPU.Build.0 = Debug|Any CPU
		{CD8B9C13-CB30-45F8-9777-3E9688FD6276}.DebugWithFake|Any CPU.ActiveCfg = DebugWithFake|Any CPU
		{CD8B9C13-CB30-45F8-9777-3E9688FD6276}.DebugWithFake|Any CPU.Build.0 = DebugWithFake|Any CPU
		{CD8B9C13-CB30-45F8-9777-3E9688FD6276}.DebugWithReal|Any CPU.ActiveCfg = DebugWithReal|Any CPU
		{CD8B9C13-CB30-45F8-9777-3E9688FD6276}.DebugWithReal|Any CPU.Build.0 = DebugWithReal|Any CPU
		{CD8B9C13-CB30-45F8-9777-3E9688FD6276}.Release|Any CPU.ActiveCfg = Release|Any CPU
		{CD8B9C13-CB30-45F8-9777-3E9688FD6276}.Release|Any CPU.Build.0 = Release|Any CPU
		{B8666477-83EC-4D6A-9140-7584DDA57699}.Debug|Any CPU.ActiveCfg = Debug|Any CPU
		{B8666477-83EC-4D6A-9140-7584DDA57699}.Debug|Any CPU.Build.0 = Debug|Any CPU
		{B8666477-83EC-4D6A-9140-7584DDA57699}.DebugWithFake|Any CPU.ActiveCfg = Debug|Any CPU
		{B8666477-83EC-4D6A-9140-7584DDA57699}.DebugWithFake|Any CPU.Build.0 = Debug|Any CPU
		{B8666477-83EC-4D6A-9140-7584DDA57699}.DebugWithReal|Any CPU.ActiveCfg = Debug|Any CPU
		{B8666477-83EC-4D6A-9140-7584DDA57699}.DebugWithReal|Any CPU.Build.0 = Debug|Any CPU
		{B8666477-83EC-4D6A-9140-7584DDA57699}.Release|Any CPU.ActiveCfg = Release|Any CPU
		{B8666477-83EC-4D6A-9140-7584DDA57699}.Release|Any CPU.Build.0 = Release|Any CPU
	EndGlobalSection
	GlobalSection(SolutionProperties) = preSolution
		HideSolutionNode = FALSE
	EndGlobalSection
	GlobalSection(NestedProjects) = preSolution
		{1AF9FD42-6017-403F-B958-67EAD0942FCE} = {F47BAEE7-974B-461C-86AF-D356785E7B40}
		{1F3EBC8D-364E-440C-8FE8-666B40B848F9} = {D092EA81-0ADE-404D-B0E0-6611E37EC631}
		{195A0723-3D85-4029-9A45-E5CE62F447A0} = {D092EA81-0ADE-404D-B0E0-6611E37EC631}
		{7AC03358-E241-44A2-9D91-D80245509FD4} = {D092EA81-0ADE-404D-B0E0-6611E37EC631}
		{AD71DF03-562A-4405-84A3-892BAA044BD3} = {195A0723-3D85-4029-9A45-E5CE62F447A0}
		{C266F8C1-E77B-4611-831A-656C26D89F5C} = {1F3EBC8D-364E-440C-8FE8-666B40B848F9}
		{B800878C-0701-42F0-B82D-F11015CC035E} = {1F3EBC8D-364E-440C-8FE8-666B40B848F9}
		{F6D78E2E-DCC9-417A-95D1-79715719F9FC} = {195A0723-3D85-4029-9A45-E5CE62F447A0}
		{0A0EA14B-7C56-4E82-A531-1BA1D0935589} = {195A0723-3D85-4029-9A45-E5CE62F447A0}
		{F2DCB871-AFB5-4C2E-A7D1-3CCCC816DBE4} = {7AC03358-E241-44A2-9D91-D80245509FD4}
		{7DC2132E-0CBD-491A-BAB5-0FACBBB35E1C} = {FC7420E4-00E3-4FE0-8786-1BBD91B17013}
		{CD8B9C13-CB30-45F8-9777-3E9688FD6276} = {FC7420E4-00E3-4FE0-8786-1BBD91B17013}
		{B8666477-83EC-4D6A-9140-7584DDA57699} = {F47BAEE7-974B-461C-86AF-D356785E7B40}
	EndGlobalSection
	GlobalSection(ExtensibilityGlobals) = postSolution
		SolutionGuid = {BE99B12E-6B1A-4ED9-862A-1C7AD5CA57B5}
	EndGlobalSection
EndGlobal
